// !$*UTF8*$!
{
	archiveVersion = 1;
	classes = {
	};
	objectVersion = 56;
	objects = {

/* Begin PBXBuildFile section */
		BB745EA32B68E78700BD016A /* AppDelegate.swift in Sources */ = {isa = PBXBuildFile; fileRef = BB745EA22B68E78700BD016A /* AppDelegate.swift */; };
		BB745EA52B68E78700BD016A /* SceneDelegate.swift in Sources */ = {isa = PBXBuildFile; fileRef = BB745EA42B68E78700BD016A /* SceneDelegate.swift */; };
		BB745EAC2B68E78900BD016A /* Assets.xcassets in Resources */ = {isa = PBXBuildFile; fileRef = BB745EAB2B68E78900BD016A /* Assets.xcassets */; };
		BB745EAF2B68E78900BD016A /* LaunchScreen.storyboard in Resources */ = {isa = PBXBuildFile; fileRef = BB745EAD2B68E78900BD016A /* LaunchScreen.storyboard */; };
		BB745EBA2B68EC2200BD016A /* Extensions.swift in Sources */ = {isa = PBXBuildFile; fileRef = BB745EB92B68EC2200BD016A /* Extensions.swift */; };
		BB745EBF2B68EC6900BD016A /* HomeViewController.swift in Sources */ = {isa = PBXBuildFile; fileRef = BB745EBE2B68EC6900BD016A /* HomeViewController.swift */; };
		BB745EC12B68EC7900BD016A /* HomeInput.swift in Sources */ = {isa = PBXBuildFile; fileRef = BB745EC02B68EC7900BD016A /* HomeInput.swift */; };
		BB745EC32B68EC9E00BD016A /* HomeOutput.swift in Sources */ = {isa = PBXBuildFile; fileRef = BB745EC22B68EC9E00BD016A /* HomeOutput.swift */; };
		BB745EC52B68ECAD00BD016A /* HomePresenter.swift in Sources */ = {isa = PBXBuildFile; fileRef = BB745EC42B68ECAD00BD016A /* HomePresenter.swift */; };
		BB745EC82B68ED7800BD016A /* HomeAssembly.swift in Sources */ = {isa = PBXBuildFile; fileRef = BB745EC72B68ED7800BD016A /* HomeAssembly.swift */; };
		BB745ECA2B68F5A500BD016A /* HomeCell.swift in Sources */ = {isa = PBXBuildFile; fileRef = BB745EC92B68F5A500BD016A /* HomeCell.swift */; };
		BB745ECD2B68F82F00BD016A /* HomeDataSource.swift in Sources */ = {isa = PBXBuildFile; fileRef = BB745ECC2B68F82F00BD016A /* HomeDataSource.swift */; };
		BB745ED22B6914C700BD016A /* NoteViewController.swift in Sources */ = {isa = PBXBuildFile; fileRef = BB745ED12B6914C700BD016A /* NoteViewController.swift */; };
		BB745ED42B6914F000BD016A /* NoteInput.swift in Sources */ = {isa = PBXBuildFile; fileRef = BB745ED32B6914F000BD016A /* NoteInput.swift */; };
		BB745ED62B69150100BD016A /* NoteOutput.swift in Sources */ = {isa = PBXBuildFile; fileRef = BB745ED52B69150100BD016A /* NoteOutput.swift */; };
		BB745ED82B69151400BD016A /* NotePresenter.swift in Sources */ = {isa = PBXBuildFile; fileRef = BB745ED72B69151400BD016A /* NotePresenter.swift */; };
		BB745EDB2B6915A000BD016A /* HomeCoordinator.swift in Sources */ = {isa = PBXBuildFile; fileRef = BB745EDA2B6915A000BD016A /* HomeCoordinator.swift */; };
		BB745EDD2B69161A00BD016A /* HomePresenterOutput.swift in Sources */ = {isa = PBXBuildFile; fileRef = BB745EDC2B69161A00BD016A /* HomePresenterOutput.swift */; };
		BB745EDF2B691B9900BD016A /* NoteAssembly.swift in Sources */ = {isa = PBXBuildFile; fileRef = BB745EDE2B691B9900BD016A /* NoteAssembly.swift */; };
		BB745EEC2B693FC000BD016A /* NotesService.swift in Sources */ = {isa = PBXBuildFile; fileRef = BB745EEB2B693FC000BD016A /* NotesService.swift */; };
		BB745EEF2B693FF400BD016A /* NotesServiceProtocol.swift in Sources */ = {isa = PBXBuildFile; fileRef = BB745EEE2B693FF400BD016A /* NotesServiceProtocol.swift */; };
		BB745EF22B6A31EB00BD016A /* Model.swift in Sources */ = {isa = PBXBuildFile; fileRef = BB745EF12B6A31EB00BD016A /* Model.swift */; };
		BB745EF62B6A34A900BD016A /* CoreDataService.swift in Sources */ = {isa = PBXBuildFile; fileRef = BB745EF52B6A34A900BD016A /* CoreDataService.swift */; };
		BB745EF82B6A34B900BD016A /* CoreDataServiceProtocol.swift in Sources */ = {isa = PBXBuildFile; fileRef = BB745EF72B6A34B900BD016A /* CoreDataServiceProtocol.swift */; };
		BB745EFE2B6A357800BD016A /* Model.xcdatamodeld in Sources */ = {isa = PBXBuildFile; fileRef = BB745EFC2B6A357800BD016A /* Model.xcdatamodeld */; };
		BB745F032B6B99E200BD016A /* CustomUserDefaults.swift in Sources */ = {isa = PBXBuildFile; fileRef = BB745F022B6B99E200BD016A /* CustomUserDefaults.swift */; };
/* End PBXBuildFile section */

/* Begin PBXFileReference section */
		BB745E9F2B68E78700BD016A /* Notes.app */ = {isa = PBXFileReference; explicitFileType = wrapper.application; includeInIndex = 0; path = Notes.app; sourceTree = BUILT_PRODUCTS_DIR; };
		BB745EA22B68E78700BD016A /* AppDelegate.swift */ = {isa = PBXFileReference; lastKnownFileType = sourcecode.swift; path = AppDelegate.swift; sourceTree = "<group>"; };
		BB745EA42B68E78700BD016A /* SceneDelegate.swift */ = {isa = PBXFileReference; lastKnownFileType = sourcecode.swift; path = SceneDelegate.swift; sourceTree = "<group>"; };
		BB745EAB2B68E78900BD016A /* Assets.xcassets */ = {isa = PBXFileReference; lastKnownFileType = folder.assetcatalog; path = Assets.xcassets; sourceTree = "<group>"; };
		BB745EAE2B68E78900BD016A /* Base */ = {isa = PBXFileReference; lastKnownFileType = file.storyboard; name = Base; path = Base.lproj/LaunchScreen.storyboard; sourceTree = "<group>"; };
		BB745EB02B68E78900BD016A /* Info.plist */ = {isa = PBXFileReference; lastKnownFileType = text.plist.xml; path = Info.plist; sourceTree = "<group>"; };
		BB745EB92B68EC2200BD016A /* Extensions.swift */ = {isa = PBXFileReference; lastKnownFileType = sourcecode.swift; path = Extensions.swift; sourceTree = "<group>"; };
		BB745EBE2B68EC6900BD016A /* HomeViewController.swift */ = {isa = PBXFileReference; lastKnownFileType = sourcecode.swift; path = HomeViewController.swift; sourceTree = "<group>"; };
		BB745EC02B68EC7900BD016A /* HomeInput.swift */ = {isa = PBXFileReference; lastKnownFileType = sourcecode.swift; path = HomeInput.swift; sourceTree = "<group>"; };
		BB745EC22B68EC9E00BD016A /* HomeOutput.swift */ = {isa = PBXFileReference; lastKnownFileType = sourcecode.swift; path = HomeOutput.swift; sourceTree = "<group>"; };
		BB745EC42B68ECAD00BD016A /* HomePresenter.swift */ = {isa = PBXFileReference; lastKnownFileType = sourcecode.swift; path = HomePresenter.swift; sourceTree = "<group>"; };
		BB745EC72B68ED7800BD016A /* HomeAssembly.swift */ = {isa = PBXFileReference; lastKnownFileType = sourcecode.swift; path = HomeAssembly.swift; sourceTree = "<group>"; };
		BB745EC92B68F5A500BD016A /* HomeCell.swift */ = {isa = PBXFileReference; lastKnownFileType = sourcecode.swift; path = HomeCell.swift; sourceTree = "<group>"; };
		BB745ECC2B68F82F00BD016A /* HomeDataSource.swift */ = {isa = PBXFileReference; lastKnownFileType = sourcecode.swift; path = HomeDataSource.swift; sourceTree = "<group>"; };
		BB745ED12B6914C700BD016A /* NoteViewController.swift */ = {isa = PBXFileReference; lastKnownFileType = sourcecode.swift; path = NoteViewController.swift; sourceTree = "<group>"; };
		BB745ED32B6914F000BD016A /* NoteInput.swift */ = {isa = PBXFileReference; lastKnownFileType = sourcecode.swift; path = NoteInput.swift; sourceTree = "<group>"; };
		BB745ED52B69150100BD016A /* NoteOutput.swift */ = {isa = PBXFileReference; lastKnownFileType = sourcecode.swift; path = NoteOutput.swift; sourceTree = "<group>"; };
		BB745ED72B69151400BD016A /* NotePresenter.swift */ = {isa = PBXFileReference; lastKnownFileType = sourcecode.swift; path = NotePresenter.swift; sourceTree = "<group>"; };
		BB745EDA2B6915A000BD016A /* HomeCoordinator.swift */ = {isa = PBXFileReference; lastKnownFileType = sourcecode.swift; path = HomeCoordinator.swift; sourceTree = "<group>"; };
		BB745EDC2B69161A00BD016A /* HomePresenterOutput.swift */ = {isa = PBXFileReference; lastKnownFileType = sourcecode.swift; path = HomePresenterOutput.swift; sourceTree = "<group>"; };
		BB745EDE2B691B9900BD016A /* NoteAssembly.swift */ = {isa = PBXFileReference; lastKnownFileType = sourcecode.swift; path = NoteAssembly.swift; sourceTree = "<group>"; };
		BB745EEB2B693FC000BD016A /* NotesService.swift */ = {isa = PBXFileReference; lastKnownFileType = sourcecode.swift; path = NotesService.swift; sourceTree = "<group>"; };
		BB745EEE2B693FF400BD016A /* NotesServiceProtocol.swift */ = {isa = PBXFileReference; lastKnownFileType = sourcecode.swift; path = NotesServiceProtocol.swift; sourceTree = "<group>"; };
		BB745EF12B6A31EB00BD016A /* Model.swift */ = {isa = PBXFileReference; lastKnownFileType = sourcecode.swift; path = Model.swift; sourceTree = "<group>"; };
		BB745EF52B6A34A900BD016A /* CoreDataService.swift */ = {isa = PBXFileReference; lastKnownFileType = sourcecode.swift; path = CoreDataService.swift; sourceTree = "<group>"; };
		BB745EF72B6A34B900BD016A /* CoreDataServiceProtocol.swift */ = {isa = PBXFileReference; lastKnownFileType = sourcecode.swift; path = CoreDataServiceProtocol.swift; sourceTree = "<group>"; };
		BB745EFD2B6A357800BD016A /* Model.xcdatamodel */ = {isa = PBXFileReference; lastKnownFileType = wrapper.xcdatamodel; path = Model.xcdatamodel; sourceTree = "<group>"; };
		BB745F022B6B99E200BD016A /* CustomUserDefaults.swift */ = {isa = PBXFileReference; lastKnownFileType = sourcecode.swift; path = CustomUserDefaults.swift; sourceTree = "<group>"; };
/* End PBXFileReference section */

/* Begin PBXFrameworksBuildPhase section */
		BB745E9C2B68E78700BD016A /* Frameworks */ = {
			isa = PBXFrameworksBuildPhase;
			buildActionMask = 2147483647;
			files = (
			);
			runOnlyForDeploymentPostprocessing = 0;
		};
/* End PBXFrameworksBuildPhase section */

/* Begin PBXGroup section */
		BB745E962B68E78700BD016A = {
			isa = PBXGroup;
			children = (
				BB745EA12B68E78700BD016A /* Notes */,
				BB745EA02B68E78700BD016A /* Products */,
			);
			sourceTree = "<group>";
		};
		BB745EA02B68E78700BD016A /* Products */ = {
			isa = PBXGroup;
			children = (
				BB745E9F2B68E78700BD016A /* Notes.app */,
			);
			name = Products;
			sourceTree = "<group>";
		};
		BB745EA12B68E78700BD016A /* Notes */ = {
			isa = PBXGroup;
			children = (
				BB745EFC2B6A357800BD016A /* Model.xcdatamodeld */,
				BB745EB72B68EBEB00BD016A /* App */,
				BB745EC62B68ED6800BD016A /* Assembly */,
				BB745ED92B69158E00BD016A /* Coordinator */,
				BB745EF02B6A31DF00BD016A /* Model */,
				BB745EB62B68EBD300BD016A /* Presentation */,
				BB745EE72B693F7500BD016A /* Service */,
				BB745EF32B6A347D00BD016A /* Core */,
				BB745EB82B68EC1600BD016A /* Utils */,
				BB745EB02B68E78900BD016A /* Info.plist */,
			);
			path = Notes;
			sourceTree = "<group>";
		};
		BB745EB62B68EBD300BD016A /* Presentation */ = {
			isa = PBXGroup;
			children = (
				BB745EBD2B68EC4600BD016A /* Home */,
				BB745ECE2B6914A600BD016A /* Note */,
			);
			path = Presentation;
			sourceTree = "<group>";
		};
		BB745EB72B68EBEB00BD016A /* App */ = {
			isa = PBXGroup;
			children = (
				BB745EA22B68E78700BD016A /* AppDelegate.swift */,
				BB745EA42B68E78700BD016A /* SceneDelegate.swift */,
				BB745EAB2B68E78900BD016A /* Assets.xcassets */,
				BB745EAD2B68E78900BD016A /* LaunchScreen.storyboard */,
			);
			path = App;
			sourceTree = "<group>";
		};
		BB745EB82B68EC1600BD016A /* Utils */ = {
			isa = PBXGroup;
			children = (
				BB745EB92B68EC2200BD016A /* Extensions.swift */,
				BB745F022B6B99E200BD016A /* CustomUserDefaults.swift */,
			);
			path = Utils;
			sourceTree = "<group>";
		};
		BB745EBB2B68EC3100BD016A /* View */ = {
			isa = PBXGroup;
			children = (
				BB745EBE2B68EC6900BD016A /* HomeViewController.swift */,
				BB745EC02B68EC7900BD016A /* HomeInput.swift */,
				BB745EC22B68EC9E00BD016A /* HomeOutput.swift */,
				BB745EC92B68F5A500BD016A /* HomeCell.swift */,
			);
			path = View;
			sourceTree = "<group>";
		};
		BB745EBC2B68EC3500BD016A /* Presenter */ = {
			isa = PBXGroup;
			children = (
				BB745EC42B68ECAD00BD016A /* HomePresenter.swift */,
				BB745EDC2B69161A00BD016A /* HomePresenterOutput.swift */,
			);
			path = Presenter;
			sourceTree = "<group>";
		};
		BB745EBD2B68EC4600BD016A /* Home */ = {
			isa = PBXGroup;
			children = (
				BB745EBC2B68EC3500BD016A /* Presenter */,
				BB745EBB2B68EC3100BD016A /* View */,
				BB745ECB2B68F81D00BD016A /* DataSource */,
			);
			path = Home;
			sourceTree = "<group>";
		};
		BB745EC62B68ED6800BD016A /* Assembly */ = {
			isa = PBXGroup;
			children = (
				BB745EC72B68ED7800BD016A /* HomeAssembly.swift */,
				BB745EDE2B691B9900BD016A /* NoteAssembly.swift */,
			);
			path = Assembly;
			sourceTree = "<group>";
		};
		BB745ECB2B68F81D00BD016A /* DataSource */ = {
			isa = PBXGroup;
			children = (
				BB745ECC2B68F82F00BD016A /* HomeDataSource.swift */,
			);
			path = DataSource;
			sourceTree = "<group>";
		};
		BB745ECE2B6914A600BD016A /* Note */ = {
			isa = PBXGroup;
			children = (
				BB745ED02B6914B700BD016A /* Presenter */,
				BB745ECF2B6914B400BD016A /* View */,
			);
			path = Note;
			sourceTree = "<group>";
		};
		BB745ECF2B6914B400BD016A /* View */ = {
			isa = PBXGroup;
			children = (
				BB745ED12B6914C700BD016A /* NoteViewController.swift */,
				BB745ED32B6914F000BD016A /* NoteInput.swift */,
				BB745ED52B69150100BD016A /* NoteOutput.swift */,
			);
			path = View;
			sourceTree = "<group>";
		};
		BB745ED02B6914B700BD016A /* Presenter */ = {
			isa = PBXGroup;
			children = (
				BB745ED72B69151400BD016A /* NotePresenter.swift */,
			);
			path = Presenter;
			sourceTree = "<group>";
		};
		BB745ED92B69158E00BD016A /* Coordinator */ = {
			isa = PBXGroup;
			children = (
				BB745EDA2B6915A000BD016A /* HomeCoordinator.swift */,
			);
			path = Coordinator;
			sourceTree = "<group>";
		};
		BB745EE72B693F7500BD016A /* Service */ = {
			isa = PBXGroup;
			children = (
				BB745EED2B693FE400BD016A /* NotesService */,
			);
			path = Service;
			sourceTree = "<group>";
		};
		BB745EED2B693FE400BD016A /* NotesService */ = {
			isa = PBXGroup;
			children = (
				BB745EEB2B693FC000BD016A /* NotesService.swift */,
				BB745EEE2B693FF400BD016A /* NotesServiceProtocol.swift */,
			);
			path = NotesService;
			sourceTree = "<group>";
		};
		BB745EF02B6A31DF00BD016A /* Model */ = {
			isa = PBXGroup;
			children = (
				BB745EF12B6A31EB00BD016A /* Model.swift */,
			);
			path = Model;
			sourceTree = "<group>";
		};
		BB745EF32B6A347D00BD016A /* Core */ = {
			isa = PBXGroup;
			children = (
				BB745EF42B6A349100BD016A /* Core Data */,
			);
			path = Core;
			sourceTree = "<group>";
		};
		BB745EF42B6A349100BD016A /* Core Data */ = {
			isa = PBXGroup;
			children = (
				BB745EF52B6A34A900BD016A /* CoreDataService.swift */,
				BB745EF72B6A34B900BD016A /* CoreDataServiceProtocol.swift */,
			);
			path = "Core Data";
			sourceTree = "<group>";
		};
/* End PBXGroup section */

/* Begin PBXNativeTarget section */
		BB745E9E2B68E78700BD016A /* Notes */ = {
			isa = PBXNativeTarget;
			buildConfigurationList = BB745EB32B68E78900BD016A /* Build configuration list for PBXNativeTarget "Notes" */;
			buildPhases = (
				BB745E9B2B68E78700BD016A /* Sources */,
				BB745E9C2B68E78700BD016A /* Frameworks */,
				BB745E9D2B68E78700BD016A /* Resources */,
			);
			buildRules = (
			);
			dependencies = (
			);
			name = Notes;
			packageProductDependencies = (
			);
			productName = Notes;
			productReference = BB745E9F2B68E78700BD016A /* Notes.app */;
			productType = "com.apple.product-type.application";
		};
/* End PBXNativeTarget section */

/* Begin PBXProject section */
		BB745E972B68E78700BD016A /* Project object */ = {
			isa = PBXProject;
			attributes = {
				BuildIndependentTargetsInParallel = 1;
				LastSwiftUpdateCheck = 1520;
				LastUpgradeCheck = 1520;
				TargetAttributes = {
					BB745E9E2B68E78700BD016A = {
						CreatedOnToolsVersion = 15.2;
					};
				};
			};
			buildConfigurationList = BB745E9A2B68E78700BD016A /* Build configuration list for PBXProject "Notes" */;
			compatibilityVersion = "Xcode 14.0";
			developmentRegion = en;
			hasScannedForEncodings = 0;
			knownRegions = (
				en,
				Base,
			);
			mainGroup = BB745E962B68E78700BD016A;
			packageReferences = (
			);
			productRefGroup = BB745EA02B68E78700BD016A /* Products */;
			projectDirPath = "";
			projectRoot = "";
			targets = (
				BB745E9E2B68E78700BD016A /* Notes */,
			);
		};
/* End PBXProject section */

/* Begin PBXResourcesBuildPhase section */
		BB745E9D2B68E78700BD016A /* Resources */ = {
			isa = PBXResourcesBuildPhase;
			buildActionMask = 2147483647;
			files = (
				BB745EAF2B68E78900BD016A /* LaunchScreen.storyboard in Resources */,
				BB745EAC2B68E78900BD016A /* Assets.xcassets in Resources */,
			);
			runOnlyForDeploymentPostprocessing = 0;
		};
/* End PBXResourcesBuildPhase section */

/* Begin PBXSourcesBuildPhase section */
		BB745E9B2B68E78700BD016A /* Sources */ = {
			isa = PBXSourcesBuildPhase;
			buildActionMask = 2147483647;
			files = (
				BB745ED42B6914F000BD016A /* NoteInput.swift in Sources */,
				BB745EFE2B6A357800BD016A /* Model.xcdatamodeld in Sources */,
				BB745EC82B68ED7800BD016A /* HomeAssembly.swift in Sources */,
				BB745EDB2B6915A000BD016A /* HomeCoordinator.swift in Sources */,
				BB745EEF2B693FF400BD016A /* NotesServiceProtocol.swift in Sources */,
				BB745EBF2B68EC6900BD016A /* HomeViewController.swift in Sources */,
				BB745ED62B69150100BD016A /* NoteOutput.swift in Sources */,
				BB745EC12B68EC7900BD016A /* HomeInput.swift in Sources */,
				BB745EF62B6A34A900BD016A /* CoreDataService.swift in Sources */,
				BB745EDD2B69161A00BD016A /* HomePresenterOutput.swift in Sources */,
				BB745ED22B6914C700BD016A /* NoteViewController.swift in Sources */,
				BB745EC32B68EC9E00BD016A /* HomeOutput.swift in Sources */,
				BB745EA32B68E78700BD016A /* AppDelegate.swift in Sources */,
				BB745ECD2B68F82F00BD016A /* HomeDataSource.swift in Sources */,
				BB745EA52B68E78700BD016A /* SceneDelegate.swift in Sources */,
				BB745EF82B6A34B900BD016A /* CoreDataServiceProtocol.swift in Sources */,
				BB745EBA2B68EC2200BD016A /* Extensions.swift in Sources */,
				BB745EDF2B691B9900BD016A /* NoteAssembly.swift in Sources */,
				BB745EF22B6A31EB00BD016A /* Model.swift in Sources */,
				BB745ECA2B68F5A500BD016A /* HomeCell.swift in Sources */,
				BB745EEC2B693FC000BD016A /* NotesService.swift in Sources */,
				BB745F032B6B99E200BD016A /* CustomUserDefaults.swift in Sources */,
				BB745ED82B69151400BD016A /* NotePresenter.swift in Sources */,
				BB745EC52B68ECAD00BD016A /* HomePresenter.swift in Sources */,
			);
			runOnlyForDeploymentPostprocessing = 0;
		};
/* End PBXSourcesBuildPhase section */

/* Begin PBXVariantGroup section */
		BB745EAD2B68E78900BD016A /* LaunchScreen.storyboard */ = {
			isa = PBXVariantGroup;
			children = (
				BB745EAE2B68E78900BD016A /* Base */,
			);
			name = LaunchScreen.storyboard;
			sourceTree = "<group>";
		};
/* End PBXVariantGroup section */

/* Begin XCBuildConfiguration section */
		BB745EB12B68E78900BD016A /* Debug */ = {
			isa = XCBuildConfiguration;
			buildSettings = {
				ALWAYS_SEARCH_USER_PATHS = NO;
				ASSETCATALOG_COMPILER_GENERATE_SWIFT_ASSET_SYMBOL_EXTENSIONS = YES;
				CLANG_ANALYZER_NONNULL = YES;
				CLANG_ANALYZER_NUMBER_OBJECT_CONVERSION = YES_AGGRESSIVE;
				CLANG_CXX_LANGUAGE_STANDARD = "gnu++20";
				CLANG_ENABLE_MODULES = YES;
				CLANG_ENABLE_OBJC_ARC = YES;
				CLANG_ENABLE_OBJC_WEAK = YES;
				CLANG_WARN_BLOCK_CAPTURE_AUTORELEASING = YES;
				CLANG_WARN_BOOL_CONVERSION = YES;
				CLANG_WARN_COMMA = YES;
				CLANG_WARN_CONSTANT_CONVERSION = YES;
				CLANG_WARN_DEPRECATED_OBJC_IMPLEMENTATIONS = YES;
				CLANG_WARN_DIRECT_OBJC_ISA_USAGE = YES_ERROR;
				CLANG_WARN_DOCUMENTATION_COMMENTS = YES;
				CLANG_WARN_EMPTY_BODY = YES;
				CLANG_WARN_ENUM_CONVERSION = YES;
				CLANG_WARN_INFINITE_RECURSION = YES;
				CLANG_WARN_INT_CONVERSION = YES;
				CLANG_WARN_NON_LITERAL_NULL_CONVERSION = YES;
				CLANG_WARN_OBJC_IMPLICIT_RETAIN_SELF = YES;
				CLANG_WARN_OBJC_LITERAL_CONVERSION = YES;
				CLANG_WARN_OBJC_ROOT_CLASS = YES_ERROR;
				CLANG_WARN_QUOTED_INCLUDE_IN_FRAMEWORK_HEADER = YES;
				CLANG_WARN_RANGE_LOOP_ANALYSIS = YES;
				CLANG_WARN_STRICT_PROTOTYPES = YES;
				CLANG_WARN_SUSPICIOUS_MOVE = YES;
				CLANG_WARN_UNGUARDED_AVAILABILITY = YES_AGGRESSIVE;
				CLANG_WARN_UNREACHABLE_CODE = YES;
				CLANG_WARN__DUPLICATE_METHOD_MATCH = YES;
				COPY_PHASE_STRIP = NO;
				DEBUG_INFORMATION_FORMAT = dwarf;
				ENABLE_STRICT_OBJC_MSGSEND = YES;
				ENABLE_TESTABILITY = YES;
				ENABLE_USER_SCRIPT_SANDBOXING = YES;
				GCC_C_LANGUAGE_STANDARD = gnu17;
				GCC_DYNAMIC_NO_PIC = NO;
				GCC_NO_COMMON_BLOCKS = YES;
				GCC_OPTIMIZATION_LEVEL = 0;
				GCC_PREPROCESSOR_DEFINITIONS = (
					"DEBUG=1",
					"$(inherited)",
				);
				GCC_WARN_64_TO_32_BIT_CONVERSION = YES;
				GCC_WARN_ABOUT_RETURN_TYPE = YES_ERROR;
				GCC_WARN_UNDECLARED_SELECTOR = YES;
				GCC_WARN_UNINITIALIZED_AUTOS = YES_AGGRESSIVE;
				GCC_WARN_UNUSED_FUNCTION = YES;
				GCC_WARN_UNUSED_VARIABLE = YES;
				IPHONEOS_DEPLOYMENT_TARGET = 17.2;
				LOCALIZATION_PREFERS_STRING_CATALOGS = YES;
				MTL_ENABLE_DEBUG_INFO = INCLUDE_SOURCE;
				MTL_FAST_MATH = YES;
				ONLY_ACTIVE_ARCH = YES;
				SDKROOT = iphoneos;
				SWIFT_ACTIVE_COMPILATION_CONDITIONS = "DEBUG $(inherited)";
				SWIFT_OPTIMIZATION_LEVEL = "-Onone";
			};
			name = Debug;
		};
		BB745EB22B68E78900BD016A /* Release */ = {
			isa = XCBuildConfiguration;
			buildSettings = {
				ALWAYS_SEARCH_USER_PATHS = NO;
				ASSETCATALOG_COMPILER_GENERATE_SWIFT_ASSET_SYMBOL_EXTENSIONS = YES;
				CLANG_ANALYZER_NONNULL = YES;
				CLANG_ANALYZER_NUMBER_OBJECT_CONVERSION = YES_AGGRESSIVE;
				CLANG_CXX_LANGUAGE_STANDARD = "gnu++20";
				CLANG_ENABLE_MODULES = YES;
				CLANG_ENABLE_OBJC_ARC = YES;
				CLANG_ENABLE_OBJC_WEAK = YES;
				CLANG_WARN_BLOCK_CAPTURE_AUTORELEASING = YES;
				CLANG_WARN_BOOL_CONVERSION = YES;
				CLANG_WARN_COMMA = YES;
				CLANG_WARN_CONSTANT_CONVERSION = YES;
				CLANG_WARN_DEPRECATED_OBJC_IMPLEMENTATIONS = YES;
				CLANG_WARN_DIRECT_OBJC_ISA_USAGE = YES_ERROR;
				CLANG_WARN_DOCUMENTATION_COMMENTS = YES;
				CLANG_WARN_EMPTY_BODY = YES;
				CLANG_WARN_ENUM_CONVERSION = YES;
				CLANG_WARN_INFINITE_RECURSION = YES;
				CLANG_WARN_INT_CONVERSION = YES;
				CLANG_WARN_NON_LITERAL_NULL_CONVERSION = YES;
				CLANG_WARN_OBJC_IMPLICIT_RETAIN_SELF = YES;
				CLANG_WARN_OBJC_LITERAL_CONVERSION = YES;
				CLANG_WARN_OBJC_ROOT_CLASS = YES_ERROR;
				CLANG_WARN_QUOTED_INCLUDE_IN_FRAMEWORK_HEADER = YES;
				CLANG_WARN_RANGE_LOOP_ANALYSIS = YES;
				CLANG_WARN_STRICT_PROTOTYPES = YES;
				CLANG_WARN_SUSPICIOUS_MOVE = YES;
				CLANG_WARN_UNGUARDED_AVAILABILITY = YES_AGGRESSIVE;
				CLANG_WARN_UNREACHABLE_CODE = YES;
				CLANG_WARN__DUPLICATE_METHOD_MATCH = YES;
				COPY_PHASE_STRIP = NO;
				DEBUG_INFORMATION_FORMAT = "dwarf-with-dsym";
				ENABLE_NS_ASSERTIONS = NO;
				ENABLE_STRICT_OBJC_MSGSEND = YES;
				ENABLE_USER_SCRIPT_SANDBOXING = YES;
				GCC_C_LANGUAGE_STANDARD = gnu17;
				GCC_NO_COMMON_BLOCKS = YES;
				GCC_WARN_64_TO_32_BIT_CONVERSION = YES;
				GCC_WARN_ABOUT_RETURN_TYPE = YES_ERROR;
				GCC_WARN_UNDECLARED_SELECTOR = YES;
				GCC_WARN_UNINITIALIZED_AUTOS = YES_AGGRESSIVE;
				GCC_WARN_UNUSED_FUNCTION = YES;
				GCC_WARN_UNUSED_VARIABLE = YES;
				IPHONEOS_DEPLOYMENT_TARGET = 17.2;
				LOCALIZATION_PREFERS_STRING_CATALOGS = YES;
				MTL_ENABLE_DEBUG_INFO = NO;
				MTL_FAST_MATH = YES;
				SDKROOT = iphoneos;
				SWIFT_COMPILATION_MODE = wholemodule;
				VALIDATE_PRODUCT = YES;
			};
			name = Release;
		};
		BB745EB42B68E78900BD016A /* Debug */ = {
			isa = XCBuildConfiguration;
			buildSettings = {
				ASSETCATALOG_COMPILER_APPICON_NAME = AppIcon;
				ASSETCATALOG_COMPILER_GLOBAL_ACCENT_COLOR_NAME = AccentColor;
				CODE_SIGN_STYLE = Automatic;
				CURRENT_PROJECT_VERSION = 1;
				DEVELOPMENT_TEAM = 4G4D5WHAZT;
				GENERATE_INFOPLIST_FILE = YES;
				INFOPLIST_FILE = Notes/Info.plist;
				INFOPLIST_KEY_UIApplicationSupportsIndirectInputEvents = YES;
				INFOPLIST_KEY_UILaunchStoryboardName = LaunchScreen;
				INFOPLIST_KEY_UISupportedInterfaceOrientations = UIInterfaceOrientationPortrait;
				INFOPLIST_KEY_UISupportedInterfaceOrientations_iPad = "UIInterfaceOrientationLandscapeLeft UIInterfaceOrientationLandscapeRight UIInterfaceOrientationPortrait UIInterfaceOrientationPortraitUpsideDown";
				IPHONEOS_DEPLOYMENT_TARGET = 16.0;
				LD_RUNPATH_SEARCH_PATHS = (
					"$(inherited)",
					"@executable_path/Frameworks",
				);
				MARKETING_VERSION = 1.0;
				PRODUCT_BUNDLE_IDENTIFIER = local.Notes;
				PRODUCT_NAME = "$(TARGET_NAME)";
				SUPPORTED_PLATFORMS = "iphoneos iphonesimulator";
				SUPPORTS_MACCATALYST = NO;
				SUPPORTS_MAC_DESIGNED_FOR_IPHONE_IPAD = NO;
				SUPPORTS_XR_DESIGNED_FOR_IPHONE_IPAD = NO;
				SWIFT_EMIT_LOC_STRINGS = YES;
				SWIFT_VERSION = 5.0;
				TARGETED_DEVICE_FAMILY = 1;
			};
			name = Debug;
		};
		BB745EB52B68E78900BD016A /* Release */ = {
			isa = XCBuildConfiguration;
			buildSettings = {
				ASSETCATALOG_COMPILER_APPICON_NAME = AppIcon;
				ASSETCATALOG_COMPILER_GLOBAL_ACCENT_COLOR_NAME = AccentColor;
				CODE_SIGN_STYLE = Automatic;
				CURRENT_PROJECT_VERSION = 1;
				DEVELOPMENT_TEAM = 4G4D5WHAZT;
				GENERATE_INFOPLIST_FILE = YES;
				INFOPLIST_FILE = Notes/Info.plist;
				INFOPLIST_KEY_UIApplicationSupportsIndirectInputEvents = YES;
				INFOPLIST_KEY_UILaunchStoryboardName = LaunchScreen;
				INFOPLIST_KEY_UISupportedInterfaceOrientations = UIInterfaceOrientationPortrait;
				INFOPLIST_KEY_UISupportedInterfaceOrientations_iPad = "UIInterfaceOrientationLandscapeLeft UIInterfaceOrientationLandscapeRight UIInterfaceOrientationPortrait UIInterfaceOrientationPortraitUpsideDown";
				IPHONEOS_DEPLOYMENT_TARGET = 16.0;
				LD_RUNPATH_SEARCH_PATHS = (
					"$(inherited)",
					"@executable_path/Frameworks",
				);
				MARKETING_VERSION = 1.0;
				PRODUCT_BUNDLE_IDENTIFIER = local.Notes;
				PRODUCT_NAME = "$(TARGET_NAME)";
				SUPPORTED_PLATFORMS = "iphoneos iphonesimulator";
				SUPPORTS_MACCATALYST = NO;
				SUPPORTS_MAC_DESIGNED_FOR_IPHONE_IPAD = NO;
				SUPPORTS_XR_DESIGNED_FOR_IPHONE_IPAD = NO;
				SWIFT_EMIT_LOC_STRINGS = YES;
				SWIFT_VERSION = 5.0;
				TARGETED_DEVICE_FAMILY = 1;
			};
			name = Release;
		};
/* End XCBuildConfiguration section */

/* Begin XCConfigurationList section */
		BB745E9A2B68E78700BD016A /* Build configuration list for PBXProject "Notes" */ = {
			isa = XCConfigurationList;
			buildConfigurations = (
				BB745EB12B68E78900BD016A /* Debug */,
				BB745EB22B68E78900BD016A /* Release */,
			);
			defaultConfigurationIsVisible = 0;
			defaultConfigurationName = Release;
		};
		BB745EB32B68E78900BD016A /* Build configuration list for PBXNativeTarget "Notes" */ = {
			isa = XCConfigurationList;
			buildConfigurations = (
				BB745EB42B68E78900BD016A /* Debug */,
				BB745EB52B68E78900BD016A /* Release */,
			);
			defaultConfigurationIsVisible = 0;
			defaultConfigurationName = Release;
		};
/* End XCConfigurationList section */

/* Begin XCVersionGroup section */
		BB745EFC2B6A357800BD016A /* Model.xcdatamodeld */ = {
			isa = XCVersionGroup;
			children = (
				BB745EFD2B6A357800BD016A /* Model.xcdatamodel */,
			);
			currentVersion = BB745EFD2B6A357800BD016A /* Model.xcdatamodel */;
			path = Model.xcdatamodeld;
			sourceTree = "<group>";
			versionGroupType = wrapper.xcdatamodel;
		};
/* End XCVersionGroup section */
	};
	rootObject = BB745E972B68E78700BD016A /* Project object */;
}
